// !$*UTF8*$!
{
	archiveVersion = 1;
	classes = {
	};
	objectVersion = 56;
	objects = {

/* Begin PBXBuildFile section */
		5F571A6121904DBC904BB9F8 /* MeetingMinutesApp.swift in Sources */ = {isa = PBXBuildFile; fileRef = 8E82092CA7114B46ACFD5C05 /* MeetingMinutesApp.swift */; };
		5E9ADD8A5E554711AB99C368 /* AppState.swift in Sources */ = {isa = PBXBuildFile; fileRef = DBB672C43D7A43AD81BE4F0E /* AppState.swift */; };
		A06AF5CD882C4E598B7B36B7 /* MenuBarView.swift in Sources */ = {isa = PBXBuildFile; fileRef = 9EFE04F486CD4B9F80B1FEB9 /* MenuBarView.swift */; };
		ED543E35BB314E1BBC90B26E /* WhisperKit in Frameworks */ = {isa = PBXBuildFile; productRef = B1834720DBCD4A01A4CD53BA /* WhisperKit */; };
		AA11BB22CC33DD44EE55FF66 /* AudioRingBuffer.swift in Sources */ = {isa = PBXBuildFile; fileRef = AA11BB22CC33DD44EE55FF01 /* AudioRingBuffer.swift */; };
		AA11BB22CC33DD44EE55FF67 /* AudioCaptureManager.swift in Sources */ = {isa = PBXBuildFile; fileRef = AA11BB22CC33DD44EE55FF02 /* AudioCaptureManager.swift */; };
		CC44DD55EE66FF7700112231 /* TranscriptSegment.swift in Sources */ = {isa = PBXBuildFile; fileRef = CC44DD55EE66FF7700112201 /* TranscriptSegment.swift */; };
		CC44DD55EE66FF7700112232 /* TranscriptionManager.swift in Sources */ = {isa = PBXBuildFile; fileRef = CC44DD55EE66FF7700112202 /* TranscriptionManager.swift */; };
/* End PBXBuildFile section */

/* Begin PBXFileReference section */
		F75D94690E574744A30C66B8 /* MeetingMinutes.app */ = {isa = PBXFileReference; explicitFileType = wrapper.application; includeInIndex = 0; path = MeetingMinutes.app; sourceTree = BUILT_PRODUCTS_DIR; };
		8E82092CA7114B46ACFD5C05 /* MeetingMinutesApp.swift */ = {isa = PBXFileReference; lastKnownFileType = sourcecode.swift; path = MeetingMinutesApp.swift; sourceTree = "<group>"; };
		DBB672C43D7A43AD81BE4F0E /* AppState.swift */ = {isa = PBXFileReference; lastKnownFileType = sourcecode.swift; path = AppState.swift; sourceTree = "<group>"; };
		9EFE04F486CD4B9F80B1FEB9 /* MenuBarView.swift */ = {isa = PBXFileReference; lastKnownFileType = sourcecode.swift; path = MenuBarView.swift; sourceTree = "<group>"; };
		A042BB8E0286411DA3CD1C16 /* MeetingMinutes.entitlements */ = {isa = PBXFileReference; lastKnownFileType = text.plist.entitlements; path = MeetingMinutes.entitlements; sourceTree = "<group>"; };
		B4275F32D1B9422E99AB51CA /* Info.plist */ = {isa = PBXFileReference; lastKnownFileType = text.plist.xml; path = Info.plist; sourceTree = "<group>"; };
		AA11BB22CC33DD44EE55FF01 /* AudioRingBuffer.swift */ = {isa = PBXFileReference; lastKnownFileType = sourcecode.swift; path = AudioRingBuffer.swift; sourceTree = "<group>"; };
		AA11BB22CC33DD44EE55FF02 /* AudioCaptureManager.swift */ = {isa = PBXFileReference; lastKnownFileType = sourcecode.swift; path = AudioCaptureManager.swift; sourceTree = "<group>"; };
		CC44DD55EE66FF7700112201 /* TranscriptSegment.swift */ = {isa = PBXFileReference; lastKnownFileType = sourcecode.swift; path = TranscriptSegment.swift; sourceTree = "<group>"; };
		CC44DD55EE66FF7700112202 /* TranscriptionManager.swift */ = {isa = PBXFileReference; lastKnownFileType = sourcecode.swift; path = TranscriptionManager.swift; sourceTree = "<group>"; };
/* End PBXFileReference section */

/* Begin PBXFrameworksBuildPhase section */
		8962473D97C14E539BB9578A /* Frameworks */ = {
			isa = PBXFrameworksBuildPhase;
			buildActionMask = 2147483647;
			files = (
				ED543E35BB314E1BBC90B26E /* WhisperKit in Frameworks */,
			);
			runOnlyForDeploymentPostprocessing = 0;
		};
/* End PBXFrameworksBuildPhase section */

/* Begin PBXGroup section */
		581215E20DF24DFE92406802 /* MeetingMinutes */ = {
			isa = PBXGroup;
			children = (
				3FE68DFEA6F14FC3ADB54AC7 /* MeetingMinutes */,
				C95AA6BD90E84F62AE90DD48 /* Products */,
				40E450C678684DEC87CBF850 /* Frameworks */,
			);
			sourceTree = "<group>";
		};
		C95AA6BD90E84F62AE90DD48 /* Products */ = {
			isa = PBXGroup;
			children = (
				F75D94690E574744A30C66B8 /* MeetingMinutes.app */,
			);
			name = Products;
			sourceTree = "<group>";
		};
		40E450C678684DEC87CBF850 /* Frameworks */ = {
			isa = PBXGroup;
			children = (
			);
			name = Frameworks;
			sourceTree = "<group>";
		};
		3FE68DFEA6F14FC3ADB54AC7 /* MeetingMinutes */ = {
			isa = PBXGroup;
			children = (
				807BF055217C477C86E2F77A /* App */,
				AA11BB22CC33DD44EE55FF03 /* Audio */,
				CC44DD55EE66FF7700112210 /* Models */,
				CC44DD55EE66FF7700112220 /* Transcription */,
				FAEFE20428884A87BA3BF94F /* Views */,
				A042BB8E0286411DA3CD1C16 /* MeetingMinutes.entitlements */,
				B4275F32D1B9422E99AB51CA /* Info.plist */,
			);
			path = MeetingMinutes;
			sourceTree = "<group>";
		};
		CC44DD55EE66FF7700112210 /* Models */ = {
			isa = PBXGroup;
			children = (
				CC44DD55EE66FF7700112201 /* TranscriptSegment.swift */,
			);
			path = Models;
			sourceTree = "<group>";
		};
		CC44DD55EE66FF7700112220 /* Transcription */ = {
			isa = PBXGroup;
			children = (
				CC44DD55EE66FF7700112202 /* TranscriptionManager.swift */,
			);
			path = Transcription;
			sourceTree = "<group>";
		};
		AA11BB22CC33DD44EE55FF03 /* Audio */ = {
			isa = PBXGroup;
			children = (
				AA11BB22CC33DD44EE55FF01 /* AudioRingBuffer.swift */,
				AA11BB22CC33DD44EE55FF02 /* AudioCaptureManager.swift */,
			);
			path = Audio;
			sourceTree = "<group>";
		};
		807BF055217C477C86E2F77A /* App */ = {
			isa = PBXGroup;
			children = (
				8E82092CA7114B46ACFD5C05 /* MeetingMinutesApp.swift */,
				DBB672C43D7A43AD81BE4F0E /* AppState.swift */,
			);
			path = App;
			sourceTree = "<group>";
		};
		FAEFE20428884A87BA3BF94F /* Views */ = {
			isa = PBXGroup;
			children = (
				9EFE04F486CD4B9F80B1FEB9 /* MenuBarView.swift */,
			);
			path = Views;
			sourceTree = "<group>";
		};
/* End PBXGroup section */

/* Begin PBXNativeTarget section */
		C45C5BD70E15429EB087908A /* MeetingMinutes */ = {
			isa = PBXNativeTarget;
			buildConfigurationList = A82555B1C559454AA81CA168 /* Build configuration list for PBXNativeTarget "MeetingMinutes" */;
			buildPhases = (
				D26FC84DD4AB4621BC9DFE3D /* Sources */,
				8962473D97C14E539BB9578A /* Frameworks */,
				7ABA1A6543494DEFB595B660 /* Resources */,
			);
			buildRules = (
			);
			dependencies = (
			);
			name = MeetingMinutes;
			packageProductDependencies = (
				B1834720DBCD4A01A4CD53BA /* WhisperKit */,
			);
			productName = MeetingMinutes;
			productReference = F75D94690E574744A30C66B8 /* MeetingMinutes.app */;
			productType = "com.apple.product-type.application";
		};
/* End PBXNativeTarget section */

/* Begin PBXProject section */
		D40348E2A18040778AA07D91 /* Project object */ = {
			isa = PBXProject;
			attributes = {
				BuildIndependentTargetsInParallel = 1;
				LastSwiftUpdateCheck = 1600;
				LastUpgradeCheck = 1600;
				TargetAttributes = {
					C45C5BD70E15429EB087908A = {
						CreatedOnToolsVersion = 16.0;
					};
				};
			};
			buildConfigurationList = 277F8E2FAE124394AD3CA3DB /* Build configuration list for PBXProject "MeetingMinutes" */;
			compatibilityVersion = "Xcode 14.0";
			developmentRegion = en;
			hasScannedForEncodings = 0;
			knownRegions = (
				en,
				Base,
			);
			mainGroup = 581215E20DF24DFE92406802;
			packageReferences = (
				8397FBAEA3A0468A8AD8A5A2 /* XCRemoteSwiftPackageReference "WhisperKit" */,
			);
			productRefGroup = C95AA6BD90E84F62AE90DD48 /* Products */;
			projectDirPath = "";
			projectRoot = "";
			targets = (
				C45C5BD70E15429EB087908A /* MeetingMinutes */,
			);
		};
/* End PBXProject section */

/* Begin PBXResourcesBuildPhase section */
		7ABA1A6543494DEFB595B660 /* Resources */ = {
			isa = PBXResourcesBuildPhase;
			buildActionMask = 2147483647;
			files = (
			);
			runOnlyForDeploymentPostprocessing = 0;
		};
/* End PBXResourcesBuildPhase section */

/* Begin PBXSourcesBuildPhase section */
		D26FC84DD4AB4621BC9DFE3D /* Sources */ = {
			isa = PBXSourcesBuildPhase;
			buildActionMask = 2147483647;
			files = (
				5F571A6121904DBC904BB9F8 /* MeetingMinutesApp.swift in Sources */,
				5E9ADD8A5E554711AB99C368 /* AppState.swift in Sources */,
				A06AF5CD882C4E598B7B36B7 /* MenuBarView.swift in Sources */,
				AA11BB22CC33DD44EE55FF66 /* AudioRingBuffer.swift in Sources */,
				AA11BB22CC33DD44EE55FF67 /* AudioCaptureManager.swift in Sources */,
				CC44DD55EE66FF7700112231 /* TranscriptSegment.swift in Sources */,
				CC44DD55EE66FF7700112232 /* TranscriptionManager.swift in Sources */,
			);
			runOnlyForDeploymentPostprocessing = 0;
		};
/* End PBXSourcesBuildPhase section */

/* Begin XCBuildConfiguration section */
		E74504B0E5E84FDD9091810F /* Debug */ = {
			isa = XCBuildConfiguration;
			buildSettings = {
				ALWAYS_SEARCH_USER_PATHS = NO;
				ASSETCATALOG_COMPILER_GENERATE_SWIFT_ASSET_SYMBOL_EXTENSIONS = YES;
				CLANG_ANALYZER_NONNULL = YES;
				CLANG_ANALYZER_NUMBER_OBJECT_CONVERSION = YES_AGGRESSIVE;
				CLANG_CXX_LANGUAGE_STANDARD = "gnu++20";
				CLANG_ENABLE_MODULES = YES;
				CLANG_ENABLE_OBJC_ARC = YES;
				CLANG_ENABLE_OBJC_WEAK = YES;
				CLANG_WARN_BLOCK_CAPTURE_AUTORELEASING = YES;
				CLANG_WARN_BOOL_CONVERSION = YES;
				CLANG_WARN_COMMA = YES;
				CLANG_WARN_CONSTANT_CONVERSION = YES;
				CLANG_WARN_DEPRECATED_OBJC_IMPLEMENTATIONS = YES;
				CLANG_WARN_DIRECT_OBJC_ISA_USAGE = YES_ERROR;
				CLANG_WARN_DOCUMENTATION_COMMENTS = YES;
				CLANG_WARN_EMPTY_BODY = YES;
				CLANG_WARN_ENUM_CONVERSION = YES;
				CLANG_WARN_INFINITE_RECURSION = YES;
				CLANG_WARN_INT_CONVERSION = YES;
				CLANG_WARN_NON_LITERAL_NULL_CONVERSION = YES;
				CLANG_WARN_OBJC_IMPLICIT_RETAIN_SELF = YES;
				CLANG_WARN_OBJC_LITERAL_CONVERSION = YES;
				CLANG_WARN_OBJC_ROOT_CLASS = YES_ERROR;
				CLANG_WARN_QUOTED_INCLUDE_IN_FRAMEWORK_HEADER = YES;
				CLANG_WARN_RANGE_LOOP_ANALYSIS = YES;
				CLANG_WARN_STRICT_PROTOTYPES = YES;
				CLANG_WARN_SUSPICIOUS_MOVE = YES;
				CLANG_WARN_UNGUARDED_AVAILABILITY = YES_AGGRESSIVE;
				CLANG_WARN_UNREACHABLE_CODE = YES;
				CLANG_WARN__DUPLICATE_METHOD_MATCH = YES;
				COPY_PHASE_STRIP = NO;
				DEBUG_INFORMATION_FORMAT = dwarf;
				ENABLE_STRICT_OBJC_MSGSEND = YES;
				ENABLE_TESTABILITY = YES;
				ENABLE_USER_SCRIPT_SANDBOXING = YES;
				GCC_C_LANGUAGE_STANDARD = gnu17;
				GCC_DYNAMIC_NO_PIC = NO;
				GCC_NO_COMMON_BLOCKS = YES;
				GCC_OPTIMIZATION_LEVEL = 0;
				GCC_PREPROCESSOR_DEFINITIONS = (
					"DEBUG=1",
					"$(inherited)",
				);
				GCC_WARN_64_TO_32_BIT_CONVERSION = YES;
				GCC_WARN_ABOUT_RETURN_TYPE = YES_ERROR;
				GCC_WARN_UNDECLARED_SELECTOR = YES;
				GCC_WARN_UNINITIALIZED_AUTOS = YES_AGGRESSIVE;
				GCC_WARN_UNUSED_FUNCTION = YES;
				GCC_WARN_UNUSED_VARIABLE = YES;
				LOCALIZATION_PREFERS_STRING_CATALOGS = YES;
				MACOSX_DEPLOYMENT_TARGET = 14.0;
				MTL_ENABLE_DEBUG_INFO = INCLUDE_SOURCE;
				MTL_FAST_MATH = YES;
				ONLY_ACTIVE_ARCH = YES;
				SDKROOT = macosx;
				SWIFT_ACTIVE_COMPILATION_CONDITIONS = "DEBUG $(inherited)";
				SWIFT_OPTIMIZATION_LEVEL = "-Onone";
			};
			name = Debug;
		};
		CCD176B059BC4DD99F6F1146 /* Release */ = {
			isa = XCBuildConfiguration;
			buildSettings = {
				ALWAYS_SEARCH_USER_PATHS = NO;
				ASSETCATALOG_COMPILER_GENERATE_SWIFT_ASSET_SYMBOL_EXTENSIONS = YES;
				CLANG_ANALYZER_NONNULL = YES;
				CLANG_ANALYZER_NUMBER_OBJECT_CONVERSION = YES_AGGRESSIVE;
				CLANG_CXX_LANGUAGE_STANDARD = "gnu++20";
				CLANG_ENABLE_MODULES = YES;
				CLANG_ENABLE_OBJC_ARC = YES;
				CLANG_ENABLE_OBJC_WEAK = YES;
				CLANG_WARN_BLOCK_CAPTURE_AUTORELEASING = YES;
				CLANG_WARN_BOOL_CONVERSION = YES;
				CLANG_WARN_COMMA = YES;
				CLANG_WARN_CONSTANT_CONVERSION = YES;
				CLANG_WARN_DEPRECATED_OBJC_IMPLEMENTATIONS = YES;
				CLANG_WARN_DIRECT_OBJC_ISA_USAGE = YES_ERROR;
				CLANG_WARN_DOCUMENTATION_COMMENTS = YES;
				CLANG_WARN_EMPTY_BODY = YES;
				CLANG_WARN_ENUM_CONVERSION = YES;
				CLANG_WARN_INFINITE_RECURSION = YES;
				CLANG_WARN_INT_CONVERSION = YES;
				CLANG_WARN_NON_LITERAL_NULL_CONVERSION = YES;
				CLANG_WARN_OBJC_IMPLICIT_RETAIN_SELF = YES;
				CLANG_WARN_OBJC_LITERAL_CONVERSION = YES;
				CLANG_WARN_OBJC_ROOT_CLASS = YES_ERROR;
				CLANG_WARN_QUOTED_INCLUDE_IN_FRAMEWORK_HEADER = YES;
				CLANG_WARN_RANGE_LOOP_ANALYSIS = YES;
				CLANG_WARN_STRICT_PROTOTYPES = YES;
				CLANG_WARN_SUSPICIOUS_MOVE = YES;
				CLANG_WARN_UNGUARDED_AVAILABILITY = YES_AGGRESSIVE;
				CLANG_WARN_UNREACHABLE_CODE = YES;
				CLANG_WARN__DUPLICATE_METHOD_MATCH = YES;
				COPY_PHASE_STRIP = NO;
				DEBUG_INFORMATION_FORMAT = "dwarf-with-dsym";
				ENABLE_NS_ASSERTIONS = NO;
				ENABLE_STRICT_OBJC_MSGSEND = YES;
				ENABLE_USER_SCRIPT_SANDBOXING = YES;
				GCC_C_LANGUAGE_STANDARD = gnu17;
				GCC_NO_COMMON_BLOCKS = YES;
				GCC_WARN_64_TO_32_BIT_CONVERSION = YES;
				GCC_WARN_ABOUT_RETURN_TYPE = YES_ERROR;
				GCC_WARN_UNDECLARED_SELECTOR = YES;
				GCC_WARN_UNINITIALIZED_AUTOS = YES_AGGRESSIVE;
				GCC_WARN_UNUSED_FUNCTION = YES;
				GCC_WARN_UNUSED_VARIABLE = YES;
				LOCALIZATION_PREFERS_STRING_CATALOGS = YES;
				MACOSX_DEPLOYMENT_TARGET = 14.0;
				MTL_FAST_MATH = YES;
				SDKROOT = macosx;
				SWIFT_COMPILATION_MODE = wholemodule;
			};
			name = Release;
		};
		DFBD42D9019C4335861F2129 /* Debug */ = {
			isa = XCBuildConfiguration;
			buildSettings = {
				ASSETCATALOG_COMPILER_APPICON_NAME = AppIcon;
				ASSETCATALOG_COMPILER_GLOBAL_ACCENT_COLOR_NAME = AccentColor;
				CODE_SIGN_ENTITLEMENTS = MeetingMinutes/MeetingMinutes.entitlements;
				CODE_SIGN_STYLE = Automatic;
				COMBINE_HIDPI_IMAGES = YES;
				CURRENT_PROJECT_VERSION = 1;
				GENERATE_INFOPLIST_FILE = NO;
				INFOPLIST_FILE = MeetingMinutes/Info.plist;
				LD_RUNPATH_SEARCH_PATHS = (
					"$(inherited)",
					"@executable_path/../Frameworks",
				);
				MACOSX_DEPLOYMENT_TARGET = 14.0;
				MARKETING_VERSION = 1.0;
				PRODUCT_BUNDLE_IDENTIFIER = com.meetingminutes.app;
				PRODUCT_NAME = "$(TARGET_NAME)";
				SDKROOT = macosx;
				SWIFT_EMIT_LOC_STRINGS = YES;
				SWIFT_VERSION = 5.0;
			};
			name = Debug;
		};
		7AB8CA214D4D4FF5B03D51E7 /* Release */ = {
			isa = XCBuildConfiguration;
			buildSettings = {
				ASSETCATALOG_COMPILER_APPICON_NAME = AppIcon;
				ASSETCATALOG_COMPILER_GLOBAL_ACCENT_COLOR_NAME = AccentColor;
				CODE_SIGN_ENTITLEMENTS = MeetingMinutes/MeetingMinutes.entitlements;
				CODE_SIGN_STYLE = Automatic;
				COMBINE_HIDPI_IMAGES = YES;
				CURRENT_PROJECT_VERSION = 1;
				GENERATE_INFOPLIST_FILE = NO;
				INFOPLIST_FILE = MeetingMinutes/Info.plist;
				LD_RUNPATH_SEARCH_PATHS = (
					"$(inherited)",
					"@executable_path/../Frameworks",
				);
				MACOSX_DEPLOYMENT_TARGET = 14.0;
				MARKETING_VERSION = 1.0;
				PRODUCT_BUNDLE_IDENTIFIER = com.meetingminutes.app;
				PRODUCT_NAME = "$(TARGET_NAME)";
				SDKROOT = macosx;
				SWIFT_EMIT_LOC_STRINGS = YES;
				SWIFT_VERSION = 5.0;
			};
			name = Release;
		};
/* End XCBuildConfiguration section */

/* Begin XCConfigurationList section */
		277F8E2FAE124394AD3CA3DB /* Build configuration list for PBXProject "MeetingMinutes" */ = {
			isa = XCConfigurationList;
			buildConfigurations = (
				E74504B0E5E84FDD9091810F /* Debug */,
				CCD176B059BC4DD99F6F1146 /* Release */,
			);
			defaultConfigurationIsVisible = 0;
			defaultConfigurationName = Release;
		};
		A82555B1C559454AA81CA168 /* Build configuration list for PBXNativeTarget "MeetingMinutes" */ = {
			isa = XCConfigurationList;
			buildConfigurations = (
				DFBD42D9019C4335861F2129 /* Debug */,
				7AB8CA214D4D4FF5B03D51E7 /* Release */,
			);
			defaultConfigurationIsVisible = 0;
			defaultConfigurationName = Release;
		};
/* End XCConfigurationList section */

/* Begin XCRemoteSwiftPackageReference section */
		8397FBAEA3A0468A8AD8A5A2 /* XCRemoteSwiftPackageReference "WhisperKit" */ = {
			isa = XCRemoteSwiftPackageReference;
			repositoryURL = "https://github.com/argmaxinc/WhisperKit";
			requirement = {
				kind = upToNextMajorVersion;
				minimumVersion = 0.9.0;
			};
		};
/* End XCRemoteSwiftPackageReference section */

/* Begin XCSwiftPackageProductDependency section */
		B1834720DBCD4A01A4CD53BA /* WhisperKit */ = {
			isa = XCSwiftPackageProductDependency;
			package = 8397FBAEA3A0468A8AD8A5A2 /* XCRemoteSwiftPackageReference "WhisperKit" */;
			productName = WhisperKit;
		};
/* End XCSwiftPackageProductDependency section */

	};
	rootObject = D40348E2A18040778AA07D91 /* Project object */;
}
